
Microsoft Visual Studio Solution File, Format Version 12.00
# Visual Studio Version 17
VisualStudioVersion = 17.14.36221.1 d17.14
MinimumVisualStudioVersion = 10.0.40219.1
Project("{FAE04EC0-301F-11D3-BF4B-00C04F79EFBC}") = "BriteSoftware.Web", "BriteSoftware.Web.csproj", "{38E793A5-9B86-414B-A2BF-7F19D6DD76B4}"
EndProject
Global
	GlobalSection(SolutionConfigurationPlatforms) = preSolution
		Debug|Any CPU = Debug|Any CPU
		Release|Any CPU = Release|Any CPU
	EndGlobalSection
	GlobalSection(ProjectConfigurationPlatforms) = postSolution
		{38E793A5-9B86-414B-A2BF-7F19D6DD76B4}.Debug|Any CPU.ActiveCfg = Debug|Any CPU
		{38E793A5-9B86-414B-A2BF-7F19D6DD76B4}.Debug|Any CPU.Build.0 = Debug|Any CPU
		{38E793A5-9B86-414B-A2BF-7F19D6DD76B4}.Release|Any CPU.ActiveCfg = Release|Any CPU
		{38E793A5-9B86-414B-A2BF-7F19D6DD76B4}.Release|Any CPU.Build.0 = Release|Any CPU
	EndGlobalSection
	GlobalSection(SolutionProperties) = preSolution
		HideSolutionNode = FALSE
	EndGlobalSection
	GlobalSection(ExtensibilityGlobals) = postSolution
		SolutionGuid = {4331F942-8021-4FC0-8C84-0D3763097EE3}
	EndGlobalSection
EndGlobal
